
Microsoft Visual Studio Solution File, Format Version 12.00
# Visual Studio Version 17
VisualStudioVersion = 17.6.33815.320
MinimumVisualStudioVersion = 10.0.40219.1
Project("{9A19103F-16F7-4668-BE54-9A1E7A4F7556}") = "MVC_ComponenteCodeFirst", "MVC_ComponenteCodeFirst.csproj", "{CAB92D67-24BE-4DFC-BFA7-DE9F4183032C}"
EndProject
Project("{2150E333-8FDC-42A3-9474-1A3956D46DE8}") = "Solution Items", "Solution Items", "{BA46D69B-C0CB-4344-9C92-96C66A11BEB0}"
EndProject
Project("{9A19103F-16F7-4668-BE54-9A1E7A4F7556}") = "MVC_ComponenteCodeFirst.Test", "..\Test_MVC_ComponenteCodeFirst\MVC_ComponenteCodeFirst.Test.csproj", "{A0FDDB38-3456-4521-901D-85DBBD3C0DEB}"
EndProject
Global
	GlobalSection(SolutionConfigurationPlatforms) = preSolution
		Debug|Any CPU = Debug|Any CPU
		Release|Any CPU = Release|Any CPU
	EndGlobalSection
	GlobalSection(ProjectConfigurationPlatforms) = postSolution
		{CAB92D67-24BE-4DFC-BFA7-DE9F4183032C}.Debug|Any CPU.ActiveCfg = Debug|Any CPU
		{CAB92D67-24BE-4DFC-BFA7-DE9F4183032C}.Debug|Any CPU.Build.0 = Debug|Any CPU
		{CAB92D67-24BE-4DFC-BFA7-DE9F4183032C}.Release|Any CPU.ActiveCfg = Release|Any CPU
		{CAB92D67-24BE-4DFC-BFA7-DE9F4183032C}.Release|Any CPU.Build.0 = Release|Any CPU
		{A0FDDB38-3456-4521-901D-85DBBD3C0DEB}.Debug|Any CPU.ActiveCfg = Debug|Any CPU
		{A0FDDB38-3456-4521-901D-85DBBD3C0DEB}.Debug|Any CPU.Build.0 = Debug|Any CPU
		{A0FDDB38-3456-4521-901D-85DBBD3C0DEB}.Release|Any CPU.ActiveCfg = Release|Any CPU
		{A0FDDB38-3456-4521-901D-85DBBD3C0DEB}.Release|Any CPU.Build.0 = Release|Any CPU
	EndGlobalSection
	GlobalSection(SolutionProperties) = preSolution
		HideSolutionNode = FALSE
	EndGlobalSection
	GlobalSection(ExtensibilityGlobals) = postSolution
		SolutionGuid = {EF1DFFB9-01DB-4569-B733-86DDE0FBCCB2}
	EndGlobalSection
EndGlobal
